
Microsoft Visual Studio Solution File, Format Version 12.00
# Visual Studio Version 17
VisualStudioVersion = 17.14.36616.10 d17.14
MinimumVisualStudioVersion = 10.0.40219.1
Project("{FAE04EC0-301F-11D3-BF4B-00C04F79EFBC}") = "MoleculSimFacade", "MoleculSimFacade\MoleculSimFacade.csproj", "{66600C1A-E1AC-41BB-80D5-D900DE0357C3}"
EndProject
Global
	GlobalSection(SolutionConfigurationPlatforms) = preSolution
		Debug|Any CPU = Debug|Any CPU
		Release|Any CPU = Release|Any CPU
	EndGlobalSection
	GlobalSection(ProjectConfigurationPlatforms) = postSolution
		{66600C1A-E1AC-41BB-80D5-D900DE0357C3}.Debug|Any CPU.ActiveCfg = Debug|Any CPU
		{66600C1A-E1AC-41BB-80D5-D900DE0357C3}.Debug|Any CPU.Build.0 = Debug|Any CPU
		{66600C1A-E1AC-41BB-80D5-D900DE0357C3}.Release|Any CPU.ActiveCfg = Release|Any CPU
		{66600C1A-E1AC-41BB-80D5-D900DE0357C3}.Release|Any CPU.Build.0 = Release|Any CPU
	EndGlobalSection
	GlobalSection(SolutionProperties) = preSolution
		HideSolutionNode = FALSE
	EndGlobalSection
	GlobalSection(ExtensibilityGlobals) = postSolution
		SolutionGuid = {865AF45E-9B80-440D-A93E-A306FC2A81EF}
	EndGlobalSection
EndGlobal
